
Microsoft Visual Studio Solution File, Format Version 12.00
# Visual Studio 2012
Project("{8BC9CEB8-8B4A-11D0-8D11-00A0C91BC942}") = "lmremote", "lmremote.vcxproj", "{1766EA28-75DF-47C7-A9A9-CBE265964D51}"
EndProject
Global
	GlobalSection(SolutionConfigurationPlatforms) = preSolution
		Debug|Win32 = Debug|Win32
		Release|Win32 = Release|Win32
	EndGlobalSection
	GlobalSection(ProjectConfigurationPlatforms) = postSolution
		{1766EA28-75DF-47C7-A9A9-CBE265964D51}.Debug|Win32.ActiveCfg = Debug|Win32
		{1766EA28-75DF-47C7-A9A9-CBE265964D51}.Debug|Win32.Build.0 = Debug|Win32
		{1766EA28-75DF-47C7-A9A9-CBE265964D51}.Release|Win32.ActiveCfg = Release|Win32
		{1766EA28-75DF-47C7-A9A9-CBE265964D51}.Release|Win32.Build.0 = Release|Win32
	EndGlobalSection
	GlobalSection(SolutionProperties) = preSolution
		HideSolutionNode = FALSE
	EndGlobalSection
EndGlobal
