<?xml version="1.0" encoding="utf-8"?>
<Project ToolsVersion="4.0" xmlns="http://schemas.microsoft.com/developer/msbuild/2003">
  <ItemGroup>
    <Filter Include="Source Files">
      <UniqueIdentifier>{4FC737F1-C7A5-4376-A066-2A32D752A2FF}</UniqueIdentifier>
      <Extensions>cpp;c;cc;cxx;def;odl;idl;hpj;bat;asm;asmx</Extensions>
    </Filter>
    <Filter Include="Header Files">
      <UniqueIdentifier>{93995380-89BD-4b04-88EB-625FBE52EBFB}</UniqueIdentifier>
      <Extensions>h;hpp;hxx;hm;inl;inc;xsd</Extensions>
    </Filter>
    <Filter Include="Resource Files">
      <UniqueIdentifier>{67DA6AB6-F800-4c08-8B7A-83BB121AAD01}</UniqueIdentifier>
      <Extensions>rc;ico;cur;bmp;dlg;rc2;rct;bin;rgs;gif;jpg;jpeg;jpe;resx;tiff;tif;png;wav;mfcribbon-ms</Extensions>
    </Filter>
  </ItemGroup>
  <ItemGroup>
    <None Include="heatermeter.ino" />
    <None Include="README.txt" />
  </ItemGroup>
  <ItemGroup>
    <ClInclude Include="bigchars.h">
      <Filter>Header Files</Filter>
    </ClInclude>
    <ClInclude Include="flashfiles.h">
      <Filter>Header Files</Filter>
    </ClInclude>
    <ClInclude Include="grillpid.h">
      <Filter>Header Files</Filter>
    </ClInclude>
    <ClInclude Include="hmcore.h">
      <Filter>Header Files</Filter>
    </ClInclude>
    <ClInclude Include="hmmenus.h">
      <Filter>Header Files</Filter>
    </ClInclude>
    <ClInclude Include="menus.h">
      <Filter>Header Files</Filter>
    </ClInclude>
    <ClInclude Include="rfmanager.h">
      <Filter>Header Files</Filter>
    </ClInclude>
    <ClInclude Include="serialxor.h">
      <Filter>Header Files</Filter>
    </ClInclude>
    <ClInclude Include="strings.h">
      <Filter>Header Files</Filter>
    </ClInclude>
    <ClInclude Include="wishieldconf.h">
      <Filter>Header Files</Filter>
    </ClInclude>
    <ClInclude Include="Visual Micro\.heatermeter.vsarduino.h">
      <Filter>Header Files</Filter>
    </ClInclude>
    <ClInclude Include="ledmanager.h">
      <Filter>Header Files</Filter>
    </ClInclude>
  </ItemGroup>
  <ItemGroup>
    <ClCompile Include="grillpid.cpp">
      <Filter>Source Files</Filter>
    </ClCompile>
    <ClCompile Include="hmcore.cpp">
      <Filter>Source Files</Filter>
    </ClCompile>
    <ClCompile Include="hmmenus.cpp">
      <Filter>Source Files</Filter>
    </ClCompile>
    <ClCompile Include="menus.cpp">
      <Filter>Source Files</Filter>
    </ClCompile>
    <ClCompile Include="rfmanager.cpp">
      <Filter>Source Files</Filter>
    </ClCompile>
    <ClCompile Include="serialxor.cpp">
      <Filter>Source Files</Filter>
    </ClCompile>
    <ClCompile Include="ledmanager.cpp">
      <Filter>Source Files</Filter>
    </ClCompile>
  </ItemGroup>
</Project>